
Microsoft Visual Studio Solution File, Format Version 12.00
# Visual Studio Version 17
VisualStudioVersion = 17.5.33516.290
MinimumVisualStudioVersion = 10.0.40219.1
Project("{FAE04EC0-301F-11D3-BF4B-00C04F79EFBC}") = "WebApi1", "WebApi1\WebApi1.csproj", "{1598D4A1-789C-47EE-8A25-5A90DF9C1112}"
EndProject
Global
	GlobalSection(SolutionConfigurationPlatforms) = preSolution
		Debug|Any CPU = Debug|Any CPU
		Release|Any CPU = Release|Any CPU
	EndGlobalSection
	GlobalSection(ProjectConfigurationPlatforms) = postSolution
		{1598D4A1-789C-47EE-8A25-5A90DF9C1112}.Debug|Any CPU.ActiveCfg = Debug|Any CPU
		{1598D4A1-789C-47EE-8A25-5A90DF9C1112}.Debug|Any CPU.Build.0 = Debug|Any CPU
		{1598D4A1-789C-47EE-8A25-5A90DF9C1112}.Release|Any CPU.ActiveCfg = Release|Any CPU
		{1598D4A1-789C-47EE-8A25-5A90DF9C1112}.Release|Any CPU.Build.0 = Release|Any CPU
	EndGlobalSection
	GlobalSection(SolutionProperties) = preSolution
		HideSolutionNode = FALSE
	EndGlobalSection
	GlobalSection(ExtensibilityGlobals) = postSolution
		SolutionGuid = {D8F69C83-717E-4238-AB12-232B5EC26921}
	EndGlobalSection
EndGlobal
